
Microsoft Visual Studio Solution File, Format Version 12.00
# Visual Studio Version 16
VisualStudioVersion = 16.0.31321.278
MinimumVisualStudioVersion = 10.0.40219.1
Project("{FAE04EC0-301F-11D3-BF4B-00C04F79EFBC}") = "fgv.ordenacao", "fgv.ordenacao\fgv.ordenacao.csproj", "{C21381E4-EB3A-430D-9D21-12B396E08429}"
EndProject
Project("{FAE04EC0-301F-11D3-BF4B-00C04F79EFBC}") = "fgv.ordenacao.dominio", "fgv.ordenacao.dominio\fgv.ordenacao.dominio.csproj", "{3E1D2124-68C5-458E-AF20-7EAB65D41EDB}"
EndProject
Project("{FAE04EC0-301F-11D3-BF4B-00C04F79EFBC}") = "fgv.ordenacao.ioc", "fgv.ordenacao.ioc\fgv.ordenacao.ioc.csproj", "{A3815DF2-A164-4ECF-96B5-1A1EACCDD0CA}"
EndProject
Project("{FAE04EC0-301F-11D3-BF4B-00C04F79EFBC}") = "fgv.ordenacao.dominio.teste", "fgv.ordenacao.dominio.teste\fgv.ordenacao.dominio.teste.csproj", "{8A022465-4669-416A-8E46-567E8EF81097}"
EndProject
Global
	GlobalSection(SolutionConfigurationPlatforms) = preSolution
		Debug|Any CPU = Debug|Any CPU
		Release|Any CPU = Release|Any CPU
	EndGlobalSection
	GlobalSection(ProjectConfigurationPlatforms) = postSolution
		{C21381E4-EB3A-430D-9D21-12B396E08429}.Debug|Any CPU.ActiveCfg = Debug|Any CPU
		{C21381E4-EB3A-430D-9D21-12B396E08429}.Debug|Any CPU.Build.0 = Debug|Any CPU
		{C21381E4-EB3A-430D-9D21-12B396E08429}.Release|Any CPU.ActiveCfg = Release|Any CPU
		{C21381E4-EB3A-430D-9D21-12B396E08429}.Release|Any CPU.Build.0 = Release|Any CPU
		{3E1D2124-68C5-458E-AF20-7EAB65D41EDB}.Debug|Any CPU.ActiveCfg = Debug|Any CPU
		{3E1D2124-68C5-458E-AF20-7EAB65D41EDB}.Debug|Any CPU.Build.0 = Debug|Any CPU
		{3E1D2124-68C5-458E-AF20-7EAB65D41EDB}.Release|Any CPU.ActiveCfg = Release|Any CPU
		{3E1D2124-68C5-458E-AF20-7EAB65D41EDB}.Release|Any CPU.Build.0 = Release|Any CPU
		{A3815DF2-A164-4ECF-96B5-1A1EACCDD0CA}.Debug|Any CPU.ActiveCfg = Debug|Any CPU
		{A3815DF2-A164-4ECF-96B5-1A1EACCDD0CA}.Debug|Any CPU.Build.0 = Debug|Any CPU
		{A3815DF2-A164-4ECF-96B5-1A1EACCDD0CA}.Release|Any CPU.ActiveCfg = Release|Any CPU
		{A3815DF2-A164-4ECF-96B5-1A1EACCDD0CA}.Release|Any CPU.Build.0 = Release|Any CPU
		{8A022465-4669-416A-8E46-567E8EF81097}.Debug|Any CPU.ActiveCfg = Debug|Any CPU
		{8A022465-4669-416A-8E46-567E8EF81097}.Debug|Any CPU.Build.0 = Debug|Any CPU
		{8A022465-4669-416A-8E46-567E8EF81097}.Release|Any CPU.ActiveCfg = Release|Any CPU
		{8A022465-4669-416A-8E46-567E8EF81097}.Release|Any CPU.Build.0 = Release|Any CPU
	EndGlobalSection
	GlobalSection(SolutionProperties) = preSolution
		HideSolutionNode = FALSE
	EndGlobalSection
	GlobalSection(ExtensibilityGlobals) = postSolution
		SolutionGuid = {3A254646-F3F1-41BB-BF83-34CC770F4566}
	EndGlobalSection
EndGlobal
